
Microsoft Visual Studio Solution File, Format Version 12.00
# Visual Studio Version 17
VisualStudioVersion = 17.7.34024.191
MinimumVisualStudioVersion = 10.0.40219.1
Project("{FAE04EC0-301F-11D3-BF4B-00C04F79EFBC}") = "CGA_1_wpf", "CGA_1_wpf\CGA_1_wpf.csproj", "{90D48F30-070E-4E3D-8ADB-F9EDDDCE274A}"
EndProject
Global
	GlobalSection(SolutionConfigurationPlatforms) = preSolution
		Debug|Any CPU = Debug|Any CPU
		Release|Any CPU = Release|Any CPU
	EndGlobalSection
	GlobalSection(ProjectConfigurationPlatforms) = postSolution
		{90D48F30-070E-4E3D-8ADB-F9EDDDCE274A}.Debug|Any CPU.ActiveCfg = Debug|Any CPU
		{90D48F30-070E-4E3D-8ADB-F9EDDDCE274A}.Debug|Any CPU.Build.0 = Debug|Any CPU
		{90D48F30-070E-4E3D-8ADB-F9EDDDCE274A}.Release|Any CPU.ActiveCfg = Release|Any CPU
		{90D48F30-070E-4E3D-8ADB-F9EDDDCE274A}.Release|Any CPU.Build.0 = Release|Any CPU
	EndGlobalSection
	GlobalSection(SolutionProperties) = preSolution
		HideSolutionNode = FALSE
	EndGlobalSection
	GlobalSection(ExtensibilityGlobals) = postSolution
		SolutionGuid = {7D48AA3A-5D1A-45F0-8482-ADCB28CF497A}
	EndGlobalSection
EndGlobal
